
Microsoft Visual Studio Solution File, Format Version 12.00
# Visual Studio 15
VisualStudioVersion = 15.0.26403.0
MinimumVisualStudioVersion = 10.0.40219.1
Project("{FAE04EC0-301F-11D3-BF4B-00C04F79EFBC}") = "Dse.Graph", "Dse.Graph\Dse.Graph.csproj", "{CDFAE4F6-CF5E-4FF7-9ADE-DB5508E3CF36}"
EndProject
Project("{FAE04EC0-301F-11D3-BF4B-00C04F79EFBC}") = "Dse.Graph.Test.Unit", "Dse.Graph.Test.Unit\Dse.Graph.Test.Unit.csproj", "{D27A488B-96B7-473F-93FA-018B9C24CB71}"
EndProject
Project("{FAE04EC0-301F-11D3-BF4B-00C04F79EFBC}") = "Dse.Graph.Test.Integration", "Dse.Graph.Test.Integration\Dse.Graph.Test.Integration.csproj", "{43B6ACD6-B758-4091-B9EF-54BBCBECE049}"
EndProject
Global
	GlobalSection(SolutionConfigurationPlatforms) = preSolution
		Debug|Any CPU = Debug|Any CPU
		Release|Any CPU = Release|Any CPU
	EndGlobalSection
	GlobalSection(ProjectConfigurationPlatforms) = postSolution
		{CDFAE4F6-CF5E-4FF7-9ADE-DB5508E3CF36}.Debug|Any CPU.ActiveCfg = Debug|Any CPU
		{CDFAE4F6-CF5E-4FF7-9ADE-DB5508E3CF36}.Debug|Any CPU.Build.0 = Debug|Any CPU
		{CDFAE4F6-CF5E-4FF7-9ADE-DB5508E3CF36}.Release|Any CPU.ActiveCfg = Release|Any CPU
		{CDFAE4F6-CF5E-4FF7-9ADE-DB5508E3CF36}.Release|Any CPU.Build.0 = Release|Any CPU
		{D27A488B-96B7-473F-93FA-018B9C24CB71}.Debug|Any CPU.ActiveCfg = Debug|Any CPU
		{D27A488B-96B7-473F-93FA-018B9C24CB71}.Debug|Any CPU.Build.0 = Debug|Any CPU
		{D27A488B-96B7-473F-93FA-018B9C24CB71}.Release|Any CPU.ActiveCfg = Release|Any CPU
		{D27A488B-96B7-473F-93FA-018B9C24CB71}.Release|Any CPU.Build.0 = Release|Any CPU
		{43B6ACD6-B758-4091-B9EF-54BBCBECE049}.Debug|Any CPU.ActiveCfg = Debug|Any CPU
		{43B6ACD6-B758-4091-B9EF-54BBCBECE049}.Debug|Any CPU.Build.0 = Debug|Any CPU
		{43B6ACD6-B758-4091-B9EF-54BBCBECE049}.Release|Any CPU.ActiveCfg = Release|Any CPU
		{43B6ACD6-B758-4091-B9EF-54BBCBECE049}.Release|Any CPU.Build.0 = Release|Any CPU
	EndGlobalSection
	GlobalSection(SolutionProperties) = preSolution
		HideSolutionNode = FALSE
	EndGlobalSection
EndGlobal
